
Microsoft Visual Studio Solution File, Format Version 12.00
# Visual Studio Version 16
VisualStudioVersion = 16.0.31410.357
MinimumVisualStudioVersion = 10.0.40219.1
Project("{FAE04EC0-301F-11D3-BF4B-00C04F79EFBC}") = "Site", "Site\Site.csproj", "{6B4F1EB9-F5D0-45DE-ACE1-96B353E7F481}"
EndProject
Global
	GlobalSection(SolutionConfigurationPlatforms) = preSolution
		Debug|Any CPU = Debug|Any CPU
		Release|Any CPU = Release|Any CPU
	EndGlobalSection
	GlobalSection(ProjectConfigurationPlatforms) = postSolution
		{6B4F1EB9-F5D0-45DE-ACE1-96B353E7F481}.Debug|Any CPU.ActiveCfg = Debug|Any CPU
		{6B4F1EB9-F5D0-45DE-ACE1-96B353E7F481}.Debug|Any CPU.Build.0 = Debug|Any CPU
		{6B4F1EB9-F5D0-45DE-ACE1-96B353E7F481}.Release|Any CPU.ActiveCfg = Release|Any CPU
		{6B4F1EB9-F5D0-45DE-ACE1-96B353E7F481}.Release|Any CPU.Build.0 = Release|Any CPU
	EndGlobalSection
	GlobalSection(SolutionProperties) = preSolution
		HideSolutionNode = FALSE
	EndGlobalSection
	GlobalSection(ExtensibilityGlobals) = postSolution
		SolutionGuid = {F6ADD631-9600-40BE-8C3E-EF1CC72A908E}
	EndGlobalSection
EndGlobal
