
Microsoft Visual Studio Solution File, Format Version 12.00
# Visual Studio Version 16
VisualStudioVersion = 16.0.31410.357
MinimumVisualStudioVersion = 10.0.40219.1
Project("{FAE04EC0-301F-11D3-BF4B-00C04F79EFBC}") = "Tour Booking", "Tour Booking\Tour Booking.csproj", "{DDB4C8EE-8E3E-4927-9C83-13A4DEF1B588}"
EndProject
Global
	GlobalSection(SolutionConfigurationPlatforms) = preSolution
		Debug|Any CPU = Debug|Any CPU
		Release|Any CPU = Release|Any CPU
	EndGlobalSection
	GlobalSection(ProjectConfigurationPlatforms) = postSolution
		{DDB4C8EE-8E3E-4927-9C83-13A4DEF1B588}.Debug|Any CPU.ActiveCfg = Debug|Any CPU
		{DDB4C8EE-8E3E-4927-9C83-13A4DEF1B588}.Debug|Any CPU.Build.0 = Debug|Any CPU
		{DDB4C8EE-8E3E-4927-9C83-13A4DEF1B588}.Release|Any CPU.ActiveCfg = Release|Any CPU
		{DDB4C8EE-8E3E-4927-9C83-13A4DEF1B588}.Release|Any CPU.Build.0 = Release|Any CPU
	EndGlobalSection
	GlobalSection(SolutionProperties) = preSolution
		HideSolutionNode = FALSE
	EndGlobalSection
	GlobalSection(ExtensibilityGlobals) = postSolution
		SolutionGuid = {23D89AF2-A20E-4983-89A4-BC132300DE99}
	EndGlobalSection
EndGlobal
